
Microsoft Visual Studio Solution File, Format Version 12.00
# Visual Studio Version 17
VisualStudioVersion = 17.10.34928.147
MinimumVisualStudioVersion = 10.0.40219.1
Project("{2150E333-8FDC-42A3-9474-1A3956D46DE8}") = "솔루션 항목", "솔루션 항목", "{67142D13-0720-43CB-99CF-A033A7154327}"
	ProjectSection(SolutionItems) = preProject
		README.md = README.md
	EndProjectSection
EndProject
Project("{9A19103F-16F7-4668-BE54-9A1E7A4F7556}") = "_01_Datas", "_01_Datas\_01_Datas.csproj", "{8EE251FA-957B-4C0C-B3DF-205A5E50709D}"
EndProject
Global
	GlobalSection(SolutionConfigurationPlatforms) = preSolution
		Debug|Any CPU = Debug|Any CPU
		Release|Any CPU = Release|Any CPU
	EndGlobalSection
	GlobalSection(ProjectConfigurationPlatforms) = postSolution
		{8EE251FA-957B-4C0C-B3DF-205A5E50709D}.Debug|Any CPU.ActiveCfg = Debug|Any CPU
		{8EE251FA-957B-4C0C-B3DF-205A5E50709D}.Debug|Any CPU.Build.0 = Debug|Any CPU
		{8EE251FA-957B-4C0C-B3DF-205A5E50709D}.Release|Any CPU.ActiveCfg = Release|Any CPU
		{8EE251FA-957B-4C0C-B3DF-205A5E50709D}.Release|Any CPU.Build.0 = Release|Any CPU
	EndGlobalSection
	GlobalSection(SolutionProperties) = preSolution
		HideSolutionNode = FALSE
	EndGlobalSection
	GlobalSection(ExtensibilityGlobals) = postSolution
		SolutionGuid = {0DFE212A-A626-4850-9F88-A3FC5BE4E503}
	EndGlobalSection
EndGlobal
