
Microsoft Visual Studio Solution File, Format Version 12.00
# Visual Studio Version 17
VisualStudioVersion = 17.10.34928.147
MinimumVisualStudioVersion = 10.0.40219.1
Project("{2150E333-8FDC-42A3-9474-1A3956D46DE8}") = "솔루션 항목", "솔루션 항목", "{67142D13-0720-43CB-99CF-A033A7154327}"
	ProjectSection(SolutionItems) = preProject
		README.md = README.md
	EndProjectSection
EndProject
Project("{9A19103F-16F7-4668-BE54-9A1E7A4F7556}") = "_01_Datas", "_01_Datas\_01_Datas.csproj", "{8EE251FA-957B-4C0C-B3DF-205A5E50709D}"
EndProject
Project("{9A19103F-16F7-4668-BE54-9A1E7A4F7556}") = "_02_Enum", "_02_Enum\_02_Enum.csproj", "{B7B48E70-D150-405E-BF65-2E63C771CA0B}"
EndProject
Project("{9A19103F-16F7-4668-BE54-9A1E7A4F7556}") = "_03_RefAndOut", "_03_RefAndOut\_03_RefAndOut.csproj", "{297A3E26-0AA2-472C-BBAB-5BE012F3158C}"
EndProject
Project("{9A19103F-16F7-4668-BE54-9A1E7A4F7556}") = "_04_Function", "_04_Overloading\_04_Function.csproj", "{506A7EE1-6E47-48BA-8275-357D01F941A8}"
EndProject
Project("{FAE04EC0-301F-11D3-BF4B-00C04F79EFBC}") = "_05_FormatSpecifier", "_05_FormatSpecifier\_05_FormatSpecifier.csproj", "{07839DD6-C877-496A-9D55-922FE89494DE}"
EndProject
Global
	GlobalSection(SolutionConfigurationPlatforms) = preSolution
		Debug|Any CPU = Debug|Any CPU
		Release|Any CPU = Release|Any CPU
	EndGlobalSection
	GlobalSection(ProjectConfigurationPlatforms) = postSolution
		{8EE251FA-957B-4C0C-B3DF-205A5E50709D}.Debug|Any CPU.ActiveCfg = Debug|Any CPU
		{8EE251FA-957B-4C0C-B3DF-205A5E50709D}.Debug|Any CPU.Build.0 = Debug|Any CPU
		{8EE251FA-957B-4C0C-B3DF-205A5E50709D}.Release|Any CPU.ActiveCfg = Release|Any CPU
		{8EE251FA-957B-4C0C-B3DF-205A5E50709D}.Release|Any CPU.Build.0 = Release|Any CPU
		{B7B48E70-D150-405E-BF65-2E63C771CA0B}.Debug|Any CPU.ActiveCfg = Debug|Any CPU
		{B7B48E70-D150-405E-BF65-2E63C771CA0B}.Debug|Any CPU.Build.0 = Debug|Any CPU
		{B7B48E70-D150-405E-BF65-2E63C771CA0B}.Release|Any CPU.ActiveCfg = Release|Any CPU
		{B7B48E70-D150-405E-BF65-2E63C771CA0B}.Release|Any CPU.Build.0 = Release|Any CPU
		{297A3E26-0AA2-472C-BBAB-5BE012F3158C}.Debug|Any CPU.ActiveCfg = Debug|Any CPU
		{297A3E26-0AA2-472C-BBAB-5BE012F3158C}.Debug|Any CPU.Build.0 = Debug|Any CPU
		{297A3E26-0AA2-472C-BBAB-5BE012F3158C}.Release|Any CPU.ActiveCfg = Release|Any CPU
		{297A3E26-0AA2-472C-BBAB-5BE012F3158C}.Release|Any CPU.Build.0 = Release|Any CPU
		{506A7EE1-6E47-48BA-8275-357D01F941A8}.Debug|Any CPU.ActiveCfg = Debug|Any CPU
		{506A7EE1-6E47-48BA-8275-357D01F941A8}.Debug|Any CPU.Build.0 = Debug|Any CPU
		{506A7EE1-6E47-48BA-8275-357D01F941A8}.Release|Any CPU.ActiveCfg = Release|Any CPU
		{506A7EE1-6E47-48BA-8275-357D01F941A8}.Release|Any CPU.Build.0 = Release|Any CPU
		{07839DD6-C877-496A-9D55-922FE89494DE}.Debug|Any CPU.ActiveCfg = Debug|Any CPU
		{07839DD6-C877-496A-9D55-922FE89494DE}.Debug|Any CPU.Build.0 = Debug|Any CPU
		{07839DD6-C877-496A-9D55-922FE89494DE}.Release|Any CPU.ActiveCfg = Release|Any CPU
		{07839DD6-C877-496A-9D55-922FE89494DE}.Release|Any CPU.Build.0 = Release|Any CPU
	EndGlobalSection
	GlobalSection(SolutionProperties) = preSolution
		HideSolutionNode = FALSE
	EndGlobalSection
	GlobalSection(ExtensibilityGlobals) = postSolution
		SolutionGuid = {0DFE212A-A626-4850-9F88-A3FC5BE4E503}
	EndGlobalSection
EndGlobal
